
Microsoft Visual Studio Solution File, Format Version 12.00
# Visual Studio 15
VisualStudioVersion = 15.0.28307.168
MinimumVisualStudioVersion = 10.0.40219.1
Project("{9A19103F-16F7-4668-BE54-9A1E7A4F7556}") = "DrawingGame", "DrawingGame\DrawingGame.csproj", "{C1BBA8EA-48AC-4D9F-A11C-5F69B3DEE016}"
EndProject
Project("{9A19103F-16F7-4668-BE54-9A1E7A4F7556}") = "DAL", "DAL\DAL.csproj", "{B6878667-1413-4448-8702-CA8F4BB8A06D}"
EndProject
Project("{9A19103F-16F7-4668-BE54-9A1E7A4F7556}") = "BusinessLogic", "BusinessLogic\BusinessLogic.csproj", "{788697B0-FF0D-4BFA-8C06-6D028711D0DD}"
EndProject
Global
	GlobalSection(SolutionConfigurationPlatforms) = preSolution
		Debug|Any CPU = Debug|Any CPU
		Release|Any CPU = Release|Any CPU
	EndGlobalSection
	GlobalSection(ProjectConfigurationPlatforms) = postSolution
		{C1BBA8EA-48AC-4D9F-A11C-5F69B3DEE016}.Debug|Any CPU.ActiveCfg = Debug|Any CPU
		{C1BBA8EA-48AC-4D9F-A11C-5F69B3DEE016}.Debug|Any CPU.Build.0 = Debug|Any CPU
		{C1BBA8EA-48AC-4D9F-A11C-5F69B3DEE016}.Release|Any CPU.ActiveCfg = Release|Any CPU
		{C1BBA8EA-48AC-4D9F-A11C-5F69B3DEE016}.Release|Any CPU.Build.0 = Release|Any CPU
		{B6878667-1413-4448-8702-CA8F4BB8A06D}.Debug|Any CPU.ActiveCfg = Debug|Any CPU
		{B6878667-1413-4448-8702-CA8F4BB8A06D}.Debug|Any CPU.Build.0 = Debug|Any CPU
		{B6878667-1413-4448-8702-CA8F4BB8A06D}.Release|Any CPU.ActiveCfg = Release|Any CPU
		{B6878667-1413-4448-8702-CA8F4BB8A06D}.Release|Any CPU.Build.0 = Release|Any CPU
		{788697B0-FF0D-4BFA-8C06-6D028711D0DD}.Debug|Any CPU.ActiveCfg = Debug|Any CPU
		{788697B0-FF0D-4BFA-8C06-6D028711D0DD}.Debug|Any CPU.Build.0 = Debug|Any CPU
		{788697B0-FF0D-4BFA-8C06-6D028711D0DD}.Release|Any CPU.ActiveCfg = Release|Any CPU
		{788697B0-FF0D-4BFA-8C06-6D028711D0DD}.Release|Any CPU.Build.0 = Release|Any CPU
	EndGlobalSection
	GlobalSection(SolutionProperties) = preSolution
		HideSolutionNode = FALSE
	EndGlobalSection
	GlobalSection(ExtensibilityGlobals) = postSolution
		SolutionGuid = {0AF344CD-8B93-485A-A71B-5F8CC8DA4672}
	EndGlobalSection
EndGlobal
